// !$*UTF8*$!
{
	archiveVersion = 1;
	classes = {
	};
	objectVersion = 56;
	objects = {

/* Begin PBXBuildFile section */
		B51B789A2A0D6102008ACC50 /* lgbtApp.swift in Sources */ = {isa = PBXBuildFile; fileRef = B51B78992A0D6102008ACC50 /* lgbtApp.swift */; };
		B51B789E2A0D6106008ACC50 /* Assets.xcassets in Resources */ = {isa = PBXBuildFile; fileRef = B51B789D2A0D6106008ACC50 /* Assets.xcassets */; };
		B51B78A12A0D6106008ACC50 /* Preview Assets.xcassets in Resources */ = {isa = PBXBuildFile; fileRef = B51B78A02A0D6106008ACC50 /* Preview Assets.xcassets */; };
		B51B78A82A0D68BE008ACC50 /* HomeView.swift in Sources */ = {isa = PBXBuildFile; fileRef = B51B78A72A0D68BE008ACC50 /* HomeView.swift */; };
		B51B78AE2A0D6A19008ACC50 /* Colors.swift in Sources */ = {isa = PBXBuildFile; fileRef = B51B78AD2A0D6A19008ACC50 /* Colors.swift */; };
		B51B78B02A0D6AE9008ACC50 /* UserView.swift in Sources */ = {isa = PBXBuildFile; fileRef = B51B78AF2A0D6AE9008ACC50 /* UserView.swift */; };
		B51B78B32A0D852D008ACC50 /* ChatbotCardView.swift in Sources */ = {isa = PBXBuildFile; fileRef = B51B78B22A0D852D008ACC50 /* ChatbotCardView.swift */; };
		B51B78B52A0D8AE6008ACC50 /* MenuView.swift in Sources */ = {isa = PBXBuildFile; fileRef = B51B78B42A0D8AE6008ACC50 /* MenuView.swift */; };
		B51B78B72A0D9AFF008ACC50 /* ProfileCardView.swift in Sources */ = {isa = PBXBuildFile; fileRef = B51B78B62A0D9AFF008ACC50 /* ProfileCardView.swift */; };
		B51B78B92A0DBA22008ACC50 /* Virus.swift in Sources */ = {isa = PBXBuildFile; fileRef = B51B78B82A0DBA22008ACC50 /* Virus.swift */; };
		B51B78BC2A0DC64F008ACC50 /* VIHView.swift in Sources */ = {isa = PBXBuildFile; fileRef = B51B78BB2A0DC64F008ACC50 /* VIHView.swift */; };
		B51B78BE2A0DC6B1008ACC50 /* PrevencionVIHView.swift in Sources */ = {isa = PBXBuildFile; fileRef = B51B78BD2A0DC6B1008ACC50 /* PrevencionVIHView.swift */; };
		B51B78C02A0DD41B008ACC50 /* ChatView.swift in Sources */ = {isa = PBXBuildFile; fileRef = B51B78BF2A0DD41B008ACC50 /* ChatView.swift */; };
		B51B78C22A0DE382008ACC50 /* VIHCondonView.swift in Sources */ = {isa = PBXBuildFile; fileRef = B51B78C12A0DE382008ACC50 /* VIHCondonView.swift */; };
		B51B78C42A0E0203008ACC50 /* PopView.swift in Sources */ = {isa = PBXBuildFile; fileRef = B51B78C32A0E0203008ACC50 /* PopView.swift */; };
		B51B78C62A0E346B008ACC50 /* VIHTreatmentView.swift in Sources */ = {isa = PBXBuildFile; fileRef = B51B78C52A0E346B008ACC50 /* VIHTreatmentView.swift */; };
		B51B78C82A0E368C008ACC50 /* QuizView.swift in Sources */ = {isa = PBXBuildFile; fileRef = B51B78C72A0E368C008ACC50 /* QuizView.swift */; };
		B51B78CA2A0E38EE008ACC50 /* MentalHealthHotlinesView.swift in Sources */ = {isa = PBXBuildFile; fileRef = B51B78C92A0E38EE008ACC50 /* MentalHealthHotlinesView.swift */; };
		B51B78EC2A0E62A2008ACC50 /* ChatGPTSwift in Frameworks */ = {isa = PBXBuildFile; productRef = B51B78EB2A0E62A2008ACC50 /* ChatGPTSwift */; };
		B51B78EF2A0E62DB008ACC50 /* DataAPI.swift in Sources */ = {isa = PBXBuildFile; fileRef = B51B78EE2A0E62DB008ACC50 /* DataAPI.swift */; };
		B51B78F12A0E6306008ACC50 /* APIOpenAI.swift in Sources */ = {isa = PBXBuildFile; fileRef = B51B78F02A0E6306008ACC50 /* APIOpenAI.swift */; };
		B51B78F32A0E6323008ACC50 /* Message.swift in Sources */ = {isa = PBXBuildFile; fileRef = B51B78F22A0E6323008ACC50 /* Message.swift */; };
		B51B78F52A0E6366008ACC50 /* MessageView.swift in Sources */ = {isa = PBXBuildFile; fileRef = B51B78F42A0E6366008ACC50 /* MessageView.swift */; };
		B51B78F72A0E63BE008ACC50 /* TestElements.swift in Sources */ = {isa = PBXBuildFile; fileRef = B51B78F62A0E63BE008ACC50 /* TestElements.swift */; };
/* End PBXBuildFile section */

/* Begin PBXFileReference section */
		B51B78962A0D6102008ACC50 /* lgbt.app */ = {isa = PBXFileReference; explicitFileType = wrapper.application; includeInIndex = 0; path = lgbt.app; sourceTree = BUILT_PRODUCTS_DIR; };
		B51B78992A0D6102008ACC50 /* lgbtApp.swift */ = {isa = PBXFileReference; lastKnownFileType = sourcecode.swift; path = lgbtApp.swift; sourceTree = "<group>"; };
		B51B789D2A0D6106008ACC50 /* Assets.xcassets */ = {isa = PBXFileReference; lastKnownFileType = folder.assetcatalog; path = Assets.xcassets; sourceTree = "<group>"; };
		B51B78A02A0D6106008ACC50 /* Preview Assets.xcassets */ = {isa = PBXFileReference; lastKnownFileType = folder.assetcatalog; path = "Preview Assets.xcassets"; sourceTree = "<group>"; };
		B51B78A72A0D68BE008ACC50 /* HomeView.swift */ = {isa = PBXFileReference; lastKnownFileType = sourcecode.swift; path = HomeView.swift; sourceTree = "<group>"; };
		B51B78AD2A0D6A19008ACC50 /* Colors.swift */ = {isa = PBXFileReference; lastKnownFileType = sourcecode.swift; path = Colors.swift; sourceTree = "<group>"; };
		B51B78AF2A0D6AE9008ACC50 /* UserView.swift */ = {isa = PBXFileReference; lastKnownFileType = sourcecode.swift; path = UserView.swift; sourceTree = "<group>"; };
		B51B78B22A0D852D008ACC50 /* ChatbotCardView.swift */ = {isa = PBXFileReference; lastKnownFileType = sourcecode.swift; path = ChatbotCardView.swift; sourceTree = "<group>"; };
		B51B78B42A0D8AE6008ACC50 /* MenuView.swift */ = {isa = PBXFileReference; lastKnownFileType = sourcecode.swift; path = MenuView.swift; sourceTree = "<group>"; };
		B51B78B62A0D9AFF008ACC50 /* ProfileCardView.swift */ = {isa = PBXFileReference; lastKnownFileType = sourcecode.swift; path = ProfileCardView.swift; sourceTree = "<group>"; };
		B51B78B82A0DBA22008ACC50 /* Virus.swift */ = {isa = PBXFileReference; lastKnownFileType = sourcecode.swift; path = Virus.swift; sourceTree = "<group>"; };
		B51B78BB2A0DC64F008ACC50 /* VIHView.swift */ = {isa = PBXFileReference; lastKnownFileType = sourcecode.swift; path = VIHView.swift; sourceTree = "<group>"; };
		B51B78BD2A0DC6B1008ACC50 /* PrevencionVIHView.swift */ = {isa = PBXFileReference; lastKnownFileType = sourcecode.swift; path = PrevencionVIHView.swift; sourceTree = "<group>"; };
		B51B78BF2A0DD41B008ACC50 /* ChatView.swift */ = {isa = PBXFileReference; lastKnownFileType = sourcecode.swift; path = ChatView.swift; sourceTree = "<group>"; };
		B51B78C12A0DE382008ACC50 /* VIHCondonView.swift */ = {isa = PBXFileReference; lastKnownFileType = sourcecode.swift; path = VIHCondonView.swift; sourceTree = "<group>"; };
		B51B78C32A0E0203008ACC50 /* PopView.swift */ = {isa = PBXFileReference; lastKnownFileType = sourcecode.swift; path = PopView.swift; sourceTree = "<group>"; };
		B51B78C52A0E346B008ACC50 /* VIHTreatmentView.swift */ = {isa = PBXFileReference; lastKnownFileType = sourcecode.swift; path = VIHTreatmentView.swift; sourceTree = "<group>"; };
		B51B78C72A0E368C008ACC50 /* QuizView.swift */ = {isa = PBXFileReference; lastKnownFileType = sourcecode.swift; path = QuizView.swift; sourceTree = "<group>"; };
		B51B78C92A0E38EE008ACC50 /* MentalHealthHotlinesView.swift */ = {isa = PBXFileReference; lastKnownFileType = sourcecode.swift; path = MentalHealthHotlinesView.swift; sourceTree = "<group>"; };
		B51B78EE2A0E62DB008ACC50 /* DataAPI.swift */ = {isa = PBXFileReference; lastKnownFileType = sourcecode.swift; path = DataAPI.swift; sourceTree = "<group>"; };
		B51B78F02A0E6306008ACC50 /* APIOpenAI.swift */ = {isa = PBXFileReference; lastKnownFileType = sourcecode.swift; path = APIOpenAI.swift; sourceTree = "<group>"; };
		B51B78F22A0E6323008ACC50 /* Message.swift */ = {isa = PBXFileReference; lastKnownFileType = sourcecode.swift; path = Message.swift; sourceTree = "<group>"; };
		B51B78F42A0E6366008ACC50 /* MessageView.swift */ = {isa = PBXFileReference; lastKnownFileType = sourcecode.swift; path = MessageView.swift; sourceTree = "<group>"; };
		B51B78F62A0E63BE008ACC50 /* TestElements.swift */ = {isa = PBXFileReference; lastKnownFileType = sourcecode.swift; path = TestElements.swift; sourceTree = "<group>"; };
/* End PBXFileReference section */

/* Begin PBXFrameworksBuildPhase section */
		B51B78932A0D6102008ACC50 /* Frameworks */ = {
			isa = PBXFrameworksBuildPhase;
			buildActionMask = 2147483647;
			files = (
				B51B78EC2A0E62A2008ACC50 /* ChatGPTSwift in Frameworks */,
			);
			runOnlyForDeploymentPostprocessing = 0;
		};
/* End PBXFrameworksBuildPhase section */

/* Begin PBXGroup section */
		B51B788D2A0D6102008ACC50 = {
			isa = PBXGroup;
			children = (
				B51B78982A0D6102008ACC50 /* lgbt */,
				B51B78972A0D6102008ACC50 /* Products */,
			);
			sourceTree = "<group>";
		};
		B51B78972A0D6102008ACC50 /* Products */ = {
			isa = PBXGroup;
			children = (
				B51B78962A0D6102008ACC50 /* lgbt.app */,
			);
			name = Products;
			sourceTree = "<group>";
		};
		B51B78982A0D6102008ACC50 /* lgbt */ = {
			isa = PBXGroup;
			children = (
				B51B78ED2A0E62C1008ACC50 /* API */,
				B51B78AC2A0D69B1008ACC50 /* Constants */,
				B51B78B12A0D851E008ACC50 /* Components */,
				B51B78BA2A0DC632008ACC50 /* DetailView */,
				B51B78992A0D6102008ACC50 /* lgbtApp.swift */,
				B51B78B42A0D8AE6008ACC50 /* MenuView.swift */,
				B51B78A72A0D68BE008ACC50 /* HomeView.swift */,
				B51B78BF2A0DD41B008ACC50 /* ChatView.swift */,
				B51B78AF2A0D6AE9008ACC50 /* UserView.swift */,
				B51B78C92A0E38EE008ACC50 /* MentalHealthHotlinesView.swift */,
				B51B789D2A0D6106008ACC50 /* Assets.xcassets */,
				B51B789F2A0D6106008ACC50 /* Preview Content */,
			);
			path = lgbt;
			sourceTree = "<group>";
		};
		B51B789F2A0D6106008ACC50 /* Preview Content */ = {
			isa = PBXGroup;
			children = (
				B51B78A02A0D6106008ACC50 /* Preview Assets.xcassets */,
			);
			path = "Preview Content";
			sourceTree = "<group>";
		};
		B51B78AC2A0D69B1008ACC50 /* Constants */ = {
			isa = PBXGroup;
			children = (
				B51B78AD2A0D6A19008ACC50 /* Colors.swift */,
				B51B78B82A0DBA22008ACC50 /* Virus.swift */,
			);
			path = Constants;
			sourceTree = "<group>";
		};
		B51B78B12A0D851E008ACC50 /* Components */ = {
			isa = PBXGroup;
			children = (
				B51B78B22A0D852D008ACC50 /* ChatbotCardView.swift */,
				B51B78B62A0D9AFF008ACC50 /* ProfileCardView.swift */,
				B51B78C32A0E0203008ACC50 /* PopView.swift */,
				B51B78F42A0E6366008ACC50 /* MessageView.swift */,
			);
			path = Components;
			sourceTree = "<group>";
		};
		B51B78BA2A0DC632008ACC50 /* DetailView */ = {
			isa = PBXGroup;
			children = (
				B51B78BB2A0DC64F008ACC50 /* VIHView.swift */,
				B51B78BD2A0DC6B1008ACC50 /* PrevencionVIHView.swift */,
				B51B78C12A0DE382008ACC50 /* VIHCondonView.swift */,
				B51B78C52A0E346B008ACC50 /* VIHTreatmentView.swift */,
				B51B78C72A0E368C008ACC50 /* QuizView.swift */,
			);
			path = DetailView;
			sourceTree = "<group>";
		};
		B51B78ED2A0E62C1008ACC50 /* API */ = {
			isa = PBXGroup;
			children = (
				B51B78EE2A0E62DB008ACC50 /* DataAPI.swift */,
				B51B78F02A0E6306008ACC50 /* APIOpenAI.swift */,
				B51B78F22A0E6323008ACC50 /* Message.swift */,
				B51B78F62A0E63BE008ACC50 /* TestElements.swift */,
			);
			path = API;
			sourceTree = "<group>";
		};
/* End PBXGroup section */

/* Begin PBXNativeTarget section */
		B51B78952A0D6102008ACC50 /* lgbt */ = {
			isa = PBXNativeTarget;
			buildConfigurationList = B51B78A42A0D6106008ACC50 /* Build configuration list for PBXNativeTarget "lgbt" */;
			buildPhases = (
				B51B78922A0D6102008ACC50 /* Sources */,
				B51B78932A0D6102008ACC50 /* Frameworks */,
				B51B78942A0D6102008ACC50 /* Resources */,
			);
			buildRules = (
			);
			dependencies = (
			);
			name = lgbt;
			packageProductDependencies = (
				B51B78EB2A0E62A2008ACC50 /* ChatGPTSwift */,
			);
			productName = lgbt;
			productReference = B51B78962A0D6102008ACC50 /* lgbt.app */;
			productType = "com.apple.product-type.application";
		};
/* End PBXNativeTarget section */

/* Begin PBXProject section */
		B51B788E2A0D6102008ACC50 /* Project object */ = {
			isa = PBXProject;
			attributes = {
				BuildIndependentTargetsInParallel = 1;
				LastSwiftUpdateCheck = 1430;
				LastUpgradeCheck = 1430;
				TargetAttributes = {
					B51B78952A0D6102008ACC50 = {
						CreatedOnToolsVersion = 14.3;
					};
				};
			};
			buildConfigurationList = B51B78912A0D6102008ACC50 /* Build configuration list for PBXProject "lgbt" */;
			compatibilityVersion = "Xcode 14.0";
			developmentRegion = en;
			hasScannedForEncodings = 0;
			knownRegions = (
				en,
				Base,
			);
			mainGroup = B51B788D2A0D6102008ACC50;
			packageReferences = (
				B51B78EA2A0E62A2008ACC50 /* XCRemoteSwiftPackageReference "ChatGPTSwift" */,
			);
			productRefGroup = B51B78972A0D6102008ACC50 /* Products */;
			projectDirPath = "";
			projectRoot = "";
			targets = (
				B51B78952A0D6102008ACC50 /* lgbt */,
			);
		};
/* End PBXProject section */

/* Begin PBXResourcesBuildPhase section */
		B51B78942A0D6102008ACC50 /* Resources */ = {
			isa = PBXResourcesBuildPhase;
			buildActionMask = 2147483647;
			files = (
				B51B78A12A0D6106008ACC50 /* Preview Assets.xcassets in Resources */,
				B51B789E2A0D6106008ACC50 /* Assets.xcassets in Resources */,
			);
			runOnlyForDeploymentPostprocessing = 0;
		};
/* End PBXResourcesBuildPhase section */

/* Begin PBXSourcesBuildPhase section */
		B51B78922A0D6102008ACC50 /* Sources */ = {
			isa = PBXSourcesBuildPhase;
			buildActionMask = 2147483647;
			files = (
				B51B78B32A0D852D008ACC50 /* ChatbotCardView.swift in Sources */,
				B51B78CA2A0E38EE008ACC50 /* MentalHealthHotlinesView.swift in Sources */,
				B51B78B52A0D8AE6008ACC50 /* MenuView.swift in Sources */,
				B51B78B72A0D9AFF008ACC50 /* ProfileCardView.swift in Sources */,
				B51B78F72A0E63BE008ACC50 /* TestElements.swift in Sources */,
				B51B78F52A0E6366008ACC50 /* MessageView.swift in Sources */,
				B51B78C62A0E346B008ACC50 /* VIHTreatmentView.swift in Sources */,
				B51B78BE2A0DC6B1008ACC50 /* PrevencionVIHView.swift in Sources */,
				B51B78C02A0DD41B008ACC50 /* ChatView.swift in Sources */,
				B51B78F32A0E6323008ACC50 /* Message.swift in Sources */,
				B51B78EF2A0E62DB008ACC50 /* DataAPI.swift in Sources */,
				B51B78C82A0E368C008ACC50 /* QuizView.swift in Sources */,
				B51B78C22A0DE382008ACC50 /* VIHCondonView.swift in Sources */,
				B51B78A82A0D68BE008ACC50 /* HomeView.swift in Sources */,
				B51B78C42A0E0203008ACC50 /* PopView.swift in Sources */,
				B51B78F12A0E6306008ACC50 /* APIOpenAI.swift in Sources */,
				B51B78AE2A0D6A19008ACC50 /* Colors.swift in Sources */,
				B51B78B02A0D6AE9008ACC50 /* UserView.swift in Sources */,
				B51B789A2A0D6102008ACC50 /* lgbtApp.swift in Sources */,
				B51B78B92A0DBA22008ACC50 /* Virus.swift in Sources */,
				B51B78BC2A0DC64F008ACC50 /* VIHView.swift in Sources */,
			);
			runOnlyForDeploymentPostprocessing = 0;
		};
/* End PBXSourcesBuildPhase section */

/* Begin XCBuildConfiguration section */
		B51B78A22A0D6106008ACC50 /* Debug */ = {
			isa = XCBuildConfiguration;
			buildSettings = {
				ALWAYS_SEARCH_USER_PATHS = NO;
				CLANG_ANALYZER_NONNULL = YES;
				CLANG_ANALYZER_NUMBER_OBJECT_CONVERSION = YES_AGGRESSIVE;
				CLANG_CXX_LANGUAGE_STANDARD = "gnu++20";
				CLANG_ENABLE_MODULES = YES;
				CLANG_ENABLE_OBJC_ARC = YES;
				CLANG_ENABLE_OBJC_WEAK = YES;
				CLANG_WARN_BLOCK_CAPTURE_AUTORELEASING = YES;
				CLANG_WARN_BOOL_CONVERSION = YES;
				CLANG_WARN_COMMA = YES;
				CLANG_WARN_CONSTANT_CONVERSION = YES;
				CLANG_WARN_DEPRECATED_OBJC_IMPLEMENTATIONS = YES;
				CLANG_WARN_DIRECT_OBJC_ISA_USAGE = YES_ERROR;
				CLANG_WARN_DOCUMENTATION_COMMENTS = YES;
				CLANG_WARN_EMPTY_BODY = YES;
				CLANG_WARN_ENUM_CONVERSION = YES;
				CLANG_WARN_INFINITE_RECURSION = YES;
				CLANG_WARN_INT_CONVERSION = YES;
				CLANG_WARN_NON_LITERAL_NULL_CONVERSION = YES;
				CLANG_WARN_OBJC_IMPLICIT_RETAIN_SELF = YES;
				CLANG_WARN_OBJC_LITERAL_CONVERSION = YES;
				CLANG_WARN_OBJC_ROOT_CLASS = YES_ERROR;
				CLANG_WARN_QUOTED_INCLUDE_IN_FRAMEWORK_HEADER = YES;
				CLANG_WARN_RANGE_LOOP_ANALYSIS = YES;
				CLANG_WARN_STRICT_PROTOTYPES = YES;
				CLANG_WARN_SUSPICIOUS_MOVE = YES;
				CLANG_WARN_UNGUARDED_AVAILABILITY = YES_AGGRESSIVE;
				CLANG_WARN_UNREACHABLE_CODE = YES;
				CLANG_WARN__DUPLICATE_METHOD_MATCH = YES;
				COPY_PHASE_STRIP = NO;
				DEBUG_INFORMATION_FORMAT = dwarf;
				ENABLE_STRICT_OBJC_MSGSEND = YES;
				ENABLE_TESTABILITY = YES;
				GCC_C_LANGUAGE_STANDARD = gnu11;
				GCC_DYNAMIC_NO_PIC = NO;
				GCC_NO_COMMON_BLOCKS = YES;
				GCC_OPTIMIZATION_LEVEL = 0;
				GCC_PREPROCESSOR_DEFINITIONS = (
					"DEBUG=1",
					"$(inherited)",
				);
				GCC_WARN_64_TO_32_BIT_CONVERSION = YES;
				GCC_WARN_ABOUT_RETURN_TYPE = YES_ERROR;
				GCC_WARN_UNDECLARED_SELECTOR = YES;
				GCC_WARN_UNINITIALIZED_AUTOS = YES_AGGRESSIVE;
				GCC_WARN_UNUSED_FUNCTION = YES;
				GCC_WARN_UNUSED_VARIABLE = YES;
				IPHONEOS_DEPLOYMENT_TARGET = 16.4;
				MTL_ENABLE_DEBUG_INFO = INCLUDE_SOURCE;
				MTL_FAST_MATH = YES;
				ONLY_ACTIVE_ARCH = YES;
				SDKROOT = iphoneos;
				SWIFT_ACTIVE_COMPILATION_CONDITIONS = DEBUG;
				SWIFT_OPTIMIZATION_LEVEL = "-Onone";
			};
			name = Debug;
		};
		B51B78A32A0D6106008ACC50 /* Release */ = {
			isa = XCBuildConfiguration;
			buildSettings = {
				ALWAYS_SEARCH_USER_PATHS = NO;
				CLANG_ANALYZER_NONNULL = YES;
				CLANG_ANALYZER_NUMBER_OBJECT_CONVERSION = YES_AGGRESSIVE;
				CLANG_CXX_LANGUAGE_STANDARD = "gnu++20";
				CLANG_ENABLE_MODULES = YES;
				CLANG_ENABLE_OBJC_ARC = YES;
				CLANG_ENABLE_OBJC_WEAK = YES;
				CLANG_WARN_BLOCK_CAPTURE_AUTORELEASING = YES;
				CLANG_WARN_BOOL_CONVERSION = YES;
				CLANG_WARN_COMMA = YES;
				CLANG_WARN_CONSTANT_CONVERSION = YES;
				CLANG_WARN_DEPRECATED_OBJC_IMPLEMENTATIONS = YES;
				CLANG_WARN_DIRECT_OBJC_ISA_USAGE = YES_ERROR;
				CLANG_WARN_DOCUMENTATION_COMMENTS = YES;
				CLANG_WARN_EMPTY_BODY = YES;
				CLANG_WARN_ENUM_CONVERSION = YES;
				CLANG_WARN_INFINITE_RECURSION = YES;
				CLANG_WARN_INT_CONVERSION = YES;
				CLANG_WARN_NON_LITERAL_NULL_CONVERSION = YES;
				CLANG_WARN_OBJC_IMPLICIT_RETAIN_SELF = YES;
				CLANG_WARN_OBJC_LITERAL_CONVERSION = YES;
				CLANG_WARN_OBJC_ROOT_CLASS = YES_ERROR;
				CLANG_WARN_QUOTED_INCLUDE_IN_FRAMEWORK_HEADER = YES;
				CLANG_WARN_RANGE_LOOP_ANALYSIS = YES;
				CLANG_WARN_STRICT_PROTOTYPES = YES;
				CLANG_WARN_SUSPICIOUS_MOVE = YES;
				CLANG_WARN_UNGUARDED_AVAILABILITY = YES_AGGRESSIVE;
				CLANG_WARN_UNREACHABLE_CODE = YES;
				CLANG_WARN__DUPLICATE_METHOD_MATCH = YES;
				COPY_PHASE_STRIP = NO;
				DEBUG_INFORMATION_FORMAT = "dwarf-with-dsym";
				ENABLE_NS_ASSERTIONS = NO;
				ENABLE_STRICT_OBJC_MSGSEND = YES;
				GCC_C_LANGUAGE_STANDARD = gnu11;
				GCC_NO_COMMON_BLOCKS = YES;
				GCC_WARN_64_TO_32_BIT_CONVERSION = YES;
				GCC_WARN_ABOUT_RETURN_TYPE = YES_ERROR;
				GCC_WARN_UNDECLARED_SELECTOR = YES;
				GCC_WARN_UNINITIALIZED_AUTOS = YES_AGGRESSIVE;
				GCC_WARN_UNUSED_FUNCTION = YES;
				GCC_WARN_UNUSED_VARIABLE = YES;
				IPHONEOS_DEPLOYMENT_TARGET = 16.4;
				MTL_ENABLE_DEBUG_INFO = NO;
				MTL_FAST_MATH = YES;
				SDKROOT = iphoneos;
				SWIFT_COMPILATION_MODE = wholemodule;
				SWIFT_OPTIMIZATION_LEVEL = "-O";
				VALIDATE_PRODUCT = YES;
			};
			name = Release;
		};
		B51B78A52A0D6106008ACC50 /* Debug */ = {
			isa = XCBuildConfiguration;
			buildSettings = {
				ASSETCATALOG_COMPILER_APPICON_NAME = AppIcon;
				ASSETCATALOG_COMPILER_GLOBAL_ACCENT_COLOR_NAME = AccentColor;
				CODE_SIGN_STYLE = Automatic;
				CURRENT_PROJECT_VERSION = 1;
				DEVELOPMENT_ASSET_PATHS = "\"lgbt/Preview Content\"";
				DEVELOPMENT_TEAM = RW556X48JJ;
				ENABLE_PREVIEWS = YES;
				GENERATE_INFOPLIST_FILE = YES;
				INFOPLIST_KEY_UIApplicationSceneManifest_Generation = YES;
				INFOPLIST_KEY_UIApplicationSupportsIndirectInputEvents = YES;
				INFOPLIST_KEY_UILaunchScreen_Generation = YES;
				INFOPLIST_KEY_UISupportedInterfaceOrientations_iPad = "UIInterfaceOrientationPortrait UIInterfaceOrientationPortraitUpsideDown UIInterfaceOrientationLandscapeLeft UIInterfaceOrientationLandscapeRight";
				INFOPLIST_KEY_UISupportedInterfaceOrientations_iPhone = "UIInterfaceOrientationPortrait UIInterfaceOrientationLandscapeLeft UIInterfaceOrientationLandscapeRight";
				LD_RUNPATH_SEARCH_PATHS = (
					"$(inherited)",
					"@executable_path/Frameworks",
				);
				MARKETING_VERSION = 1.0;
				PRODUCT_BUNDLE_IDENTIFIER = bren.lgbt;
				PRODUCT_NAME = "$(TARGET_NAME)";
				SWIFT_EMIT_LOC_STRINGS = YES;
				SWIFT_VERSION = 5.0;
				TARGETED_DEVICE_FAMILY = "1,2";
			};
			name = Debug;
		};
		B51B78A62A0D6106008ACC50 /* Release */ = {
			isa = XCBuildConfiguration;
			buildSettings = {
				ASSETCATALOG_COMPILER_APPICON_NAME = AppIcon;
				ASSETCATALOG_COMPILER_GLOBAL_ACCENT_COLOR_NAME = AccentColor;
				CODE_SIGN_STYLE = Automatic;
				CURRENT_PROJECT_VERSION = 1;
				DEVELOPMENT_ASSET_PATHS = "\"lgbt/Preview Content\"";
				DEVELOPMENT_TEAM = RW556X48JJ;
				ENABLE_PREVIEWS = YES;
				GENERATE_INFOPLIST_FILE = YES;
				INFOPLIST_KEY_UIApplicationSceneManifest_Generation = YES;
				INFOPLIST_KEY_UIApplicationSupportsIndirectInputEvents = YES;
				INFOPLIST_KEY_UILaunchScreen_Generation = YES;
				INFOPLIST_KEY_UISupportedInterfaceOrientations_iPad = "UIInterfaceOrientationPortrait UIInterfaceOrientationPortraitUpsideDown UIInterfaceOrientationLandscapeLeft UIInterfaceOrientationLandscapeRight";
				INFOPLIST_KEY_UISupportedInterfaceOrientations_iPhone = "UIInterfaceOrientationPortrait UIInterfaceOrientationLandscapeLeft UIInterfaceOrientationLandscapeRight";
				LD_RUNPATH_SEARCH_PATHS = (
					"$(inherited)",
					"@executable_path/Frameworks",
				);
				MARKETING_VERSION = 1.0;
				PRODUCT_BUNDLE_IDENTIFIER = bren.lgbt;
				PRODUCT_NAME = "$(TARGET_NAME)";
				SWIFT_EMIT_LOC_STRINGS = YES;
				SWIFT_VERSION = 5.0;
				TARGETED_DEVICE_FAMILY = "1,2";
			};
			name = Release;
		};
/* End XCBuildConfiguration section */

/* Begin XCConfigurationList section */
		B51B78912A0D6102008ACC50 /* Build configuration list for PBXProject "lgbt" */ = {
			isa = XCConfigurationList;
			buildConfigurations = (
				B51B78A22A0D6106008ACC50 /* Debug */,
				B51B78A32A0D6106008ACC50 /* Release */,
			);
			defaultConfigurationIsVisible = 0;
			defaultConfigurationName = Release;
		};
		B51B78A42A0D6106008ACC50 /* Build configuration list for PBXNativeTarget "lgbt" */ = {
			isa = XCConfigurationList;
			buildConfigurations = (
				B51B78A52A0D6106008ACC50 /* Debug */,
				B51B78A62A0D6106008ACC50 /* Release */,
			);
			defaultConfigurationIsVisible = 0;
			defaultConfigurationName = Release;
		};
/* End XCConfigurationList section */

/* Begin XCRemoteSwiftPackageReference section */
		B51B78EA2A0E62A2008ACC50 /* XCRemoteSwiftPackageReference "ChatGPTSwift" */ = {
			isa = XCRemoteSwiftPackageReference;
			repositoryURL = "https://github.com/alfianlosari/ChatGPTSwift.git";
			requirement = {
				kind = upToNextMajorVersion;
				minimumVersion = 1.0.0;
			};
		};
/* End XCRemoteSwiftPackageReference section */

/* Begin XCSwiftPackageProductDependency section */
		B51B78EB2A0E62A2008ACC50 /* ChatGPTSwift */ = {
			isa = XCSwiftPackageProductDependency;
			package = B51B78EA2A0E62A2008ACC50 /* XCRemoteSwiftPackageReference "ChatGPTSwift" */;
			productName = ChatGPTSwift;
		};
/* End XCSwiftPackageProductDependency section */
	};
	rootObject = B51B788E2A0D6102008ACC50 /* Project object */;
}
